<?xml version="1.0" encoding="utf-8"?>
<Project ToolsVersion="4.0" xmlns="http://schemas.microsoft.com/developer/msbuild/2003">
  <ItemGroup>
    <Filter Include="Ciallo">
      <UniqueIdentifier>{59BECBAB-4560-F681-2E1B-0AD61A5C7DD2}</UniqueIdentifier>
    </Filter>
    <Filter Include="Ciallo\Events">
      <UniqueIdentifier>{1DACC2E3-896C-3E1A-52A7-8797BE2683F6}</UniqueIdentifier>
    </Filter>
    <Filter Include="Platform">
      <UniqueIdentifier>{2AC788B4-1694-E3BF-3FAD-D1672BD9184E}</UniqueIdentifier>
    </Filter>
    <Filter Include="Platform\Windows">
      <UniqueIdentifier>{64FBD71A-50F4-F66C-7926-DCF1657ED678}</UniqueIdentifier>
    </Filter>
  </ItemGroup>
  <ItemGroup>
    <ClInclude Include="src\Ciallo.h" />
    <ClInclude Include="src\Ciallo\Application.h">
      <Filter>Ciallo</Filter>
    </ClInclude>
    <ClInclude Include="src\Ciallo\Core.h">
      <Filter>Ciallo</Filter>
    </ClInclude>
    <ClInclude Include="src\Ciallo\EntryPoint.h">
      <Filter>Ciallo</Filter>
    </ClInclude>
    <ClInclude Include="src\Ciallo\Events\ApplicationEvent.h">
      <Filter>Ciallo\Events</Filter>
    </ClInclude>
    <ClInclude Include="src\Ciallo\Events\Event.h">
      <Filter>Ciallo\Events</Filter>
    </ClInclude>
    <ClInclude Include="src\Ciallo\Events\KeyEvent.h">
      <Filter>Ciallo\Events</Filter>
    </ClInclude>
    <ClInclude Include="src\Ciallo\Events\MouseEvent.h">
      <Filter>Ciallo\Events</Filter>
    </ClInclude>
    <ClInclude Include="src\Ciallo\Layer.h">
      <Filter>Ciallo</Filter>
    </ClInclude>
    <ClInclude Include="src\Ciallo\LayerStack.h">
      <Filter>Ciallo</Filter>
    </ClInclude>
    <ClInclude Include="src\Ciallo\Log.h">
      <Filter>Ciallo</Filter>
    </ClInclude>
    <ClInclude Include="src\Ciallo\Window.h">
      <Filter>Ciallo</Filter>
    </ClInclude>
    <ClInclude Include="src\Platform\Windows\WindowsWindow.h">
      <Filter>Platform\Windows</Filter>
    </ClInclude>
    <ClInclude Include="src\clpch.h" />
    <ClInclude Include="src\Ciallo\ImGui\ImGuiLayer.h" />
    <ClInclude Include="src\Platform\OpneGL\ImGuiOpenGLRenderer.h" />
  </ItemGroup>
  <ItemGroup>
    <ClCompile Include="src\Ciallo\Application.cpp">
      <Filter>Ciallo</Filter>
    </ClCompile>
    <ClCompile Include="src\Ciallo\Layer.cpp">
      <Filter>Ciallo</Filter>
    </ClCompile>
    <ClCompile Include="src\Ciallo\LayerStack.cpp">
      <Filter>Ciallo</Filter>
    </ClCompile>
    <ClCompile Include="src\Ciallo\Log.cpp">
      <Filter>Ciallo</Filter>
    </ClCompile>
    <ClCompile Include="src\Platform\Windows\WindowsWindow.cpp">
      <Filter>Platform\Windows</Filter>
    </ClCompile>
    <ClCompile Include="src\clpch.cpp" />
    <ClCompile Include="src\Ciallo\ImGui\ImGuiLayer.cpp" />
    <ClCompile Include="src\Platform\OpneGL\ImGuiOpenGLRenderer.cpp" />
  </ItemGroup>
</Project>